// !$*UTF8*$!
{
	archiveVersion = 1;
	classes = {
	};
	objectVersion = 46;
	objects = {

/* Begin PBXBuildFile section */
		0DB9E4D41C1447970026644F /* AppDelegate.swift in Sources */ = {isa = PBXBuildFile; fileRef = 0DB9E4D31C1447970026644F /* AppDelegate.swift */; };
		0DB9E4D61C1447970026644F /* ViewController.swift in Sources */ = {isa = PBXBuildFile; fileRef = 0DB9E4D51C1447970026644F /* ViewController.swift */; };
		0DB9E4D91C1447970026644F /* Main.storyboard in Resources */ = {isa = PBXBuildFile; fileRef = 0DB9E4D71C1447970026644F /* Main.storyboard */; };
		0DB9E4DB1C1447970026644F /* Assets.xcassets in Resources */ = {isa = PBXBuildFile; fileRef = 0DB9E4DA1C1447970026644F /* Assets.xcassets */; };
		0DB9E4DE1C1447970026644F /* LaunchScreen.storyboard in Resources */ = {isa = PBXBuildFile; fileRef = 0DB9E4DC1C1447970026644F /* LaunchScreen.storyboard */; };
		0DB9E4E91C1447970026644F /* RecommendyRecommenderExampleTests.swift in Sources */ = {isa = PBXBuildFile; fileRef = 0DB9E4E81C1447970026644F /* RecommendyRecommenderExampleTests.swift */; };
		0DB9E4F51C1448530026644F /* CollabFiltering.swift in Sources */ = {isa = PBXBuildFile; fileRef = 0DB9E4F41C1448530026644F /* CollabFiltering.swift */; };
/* End PBXBuildFile section */

/* Begin PBXContainerItemProxy section */
		0DB9E4E51C1447970026644F /* PBXContainerItemProxy */ = {
			isa = PBXContainerItemProxy;
			containerPortal = 0DB9E4C81C1447970026644F /* Project object */;
			proxyType = 1;
			remoteGlobalIDString = 0DB9E4CF1C1447970026644F;
			remoteInfo = RecommendyRecommenderExample;
		};
/* End PBXContainerItemProxy section */

/* Begin PBXFileReference section */
		0DB9E4D01C1447970026644F /* RecommendyRecommenderExample.app */ = {isa = PBXFileReference; explicitFileType = wrapper.application; includeInIndex = 0; path = RecommendyRecommenderExample.app; sourceTree = BUILT_PRODUCTS_DIR; };
		0DB9E4D31C1447970026644F /* AppDelegate.swift */ = {isa = PBXFileReference; lastKnownFileType = sourcecode.swift; path = AppDelegate.swift; sourceTree = "<group>"; };
		0DB9E4D51C1447970026644F /* ViewController.swift */ = {isa = PBXFileReference; lastKnownFileType = sourcecode.swift; path = ViewController.swift; sourceTree = "<group>"; };
		0DB9E4D81C1447970026644F /* Base */ = {isa = PBXFileReference; lastKnownFileType = file.storyboard; name = Base; path = Base.lproj/Main.storyboard; sourceTree = "<group>"; };
		0DB9E4DA1C1447970026644F /* Assets.xcassets */ = {isa = PBXFileReference; lastKnownFileType = folder.assetcatalog; path = Assets.xcassets; sourceTree = "<group>"; };
		0DB9E4DD1C1447970026644F /* Base */ = {isa = PBXFileReference; lastKnownFileType = file.storyboard; name = Base; path = Base.lproj/LaunchScreen.storyboard; sourceTree = "<group>"; };
		0DB9E4DF1C1447970026644F /* Info.plist */ = {isa = PBXFileReference; lastKnownFileType = text.plist.xml; path = Info.plist; sourceTree = "<group>"; };
		0DB9E4E41C1447970026644F /* RecommendyRecommenderExampleTests.xctest */ = {isa = PBXFileReference; explicitFileType = wrapper.cfbundle; includeInIndex = 0; path = RecommendyRecommenderExampleTests.xctest; sourceTree = BUILT_PRODUCTS_DIR; };
		0DB9E4E81C1447970026644F /* RecommendyRecommenderExampleTests.swift */ = {isa = PBXFileReference; lastKnownFileType = sourcecode.swift; path = RecommendyRecommenderExampleTests.swift; sourceTree = "<group>"; };
		0DB9E4EA1C1447970026644F /* Info.plist */ = {isa = PBXFileReference; lastKnownFileType = text.plist.xml; path = Info.plist; sourceTree = "<group>"; };
		0DB9E4F41C1448530026644F /* CollabFiltering.swift */ = {isa = PBXFileReference; fileEncoding = 4; lastKnownFileType = sourcecode.swift; path = CollabFiltering.swift; sourceTree = "<group>"; };
/* End PBXFileReference section */

/* Begin PBXFrameworksBuildPhase section */
		0DB9E4CD1C1447970026644F /* Frameworks */ = {
			isa = PBXFrameworksBuildPhase;
			buildActionMask = 2147483647;
			files = (
			);
			runOnlyForDeploymentPostprocessing = 0;
		};
		0DB9E4E11C1447970026644F /* Frameworks */ = {
			isa = PBXFrameworksBuildPhase;
			buildActionMask = 2147483647;
			files = (
			);
			runOnlyForDeploymentPostprocessing = 0;
		};
/* End PBXFrameworksBuildPhase section */

/* Begin PBXGroup section */
		0DB9E4C71C1447970026644F = {
			isa = PBXGroup;
			children = (
				0DB9E4F31C1448270026644F /* RecommendyRecommender */,
				0DB9E4D21C1447970026644F /* RecommendyRecommenderExample */,
				0DB9E4E71C1447970026644F /* RecommendyRecommenderExampleTests */,
				0DB9E4D11C1447970026644F /* Products */,
			);
			sourceTree = "<group>";
		};
		0DB9E4D11C1447970026644F /* Products */ = {
			isa = PBXGroup;
			children = (
				0DB9E4D01C1447970026644F /* RecommendyRecommenderExample.app */,
				0DB9E4E41C1447970026644F /* RecommendyRecommenderExampleTests.xctest */,
			);
			name = Products;
			sourceTree = "<group>";
		};
		0DB9E4D21C1447970026644F /* RecommendyRecommenderExample */ = {
			isa = PBXGroup;
			children = (
				0DB9E4D31C1447970026644F /* AppDelegate.swift */,
				0DB9E4D51C1447970026644F /* ViewController.swift */,
				0DB9E4D71C1447970026644F /* Main.storyboard */,
				0DB9E4DA1C1447970026644F /* Assets.xcassets */,
				0DB9E4DC1C1447970026644F /* LaunchScreen.storyboard */,
				0DB9E4DF1C1447970026644F /* Info.plist */,
			);
			path = RecommendyRecommenderExample;
			sourceTree = "<group>";
		};
		0DB9E4E71C1447970026644F /* RecommendyRecommenderExampleTests */ = {
			isa = PBXGroup;
			children = (
				0DB9E4E81C1447970026644F /* RecommendyRecommenderExampleTests.swift */,
				0DB9E4EA1C1447970026644F /* Info.plist */,
			);
			path = RecommendyRecommenderExampleTests;
			sourceTree = "<group>";
		};
		0DB9E4F31C1448270026644F /* RecommendyRecommender */ = {
			isa = PBXGroup;
			children = (
				0DB9E4F41C1448530026644F /* CollabFiltering.swift */,
			);
			path = RecommendyRecommender;
			sourceTree = "<group>";
		};
/* End PBXGroup section */

/* Begin PBXNativeTarget section */
		0DB9E4CF1C1447970026644F /* RecommendyRecommenderExample */ = {
			isa = PBXNativeTarget;
			buildConfigurationList = 0DB9E4ED1C1447970026644F /* Build configuration list for PBXNativeTarget "RecommendyRecommenderExample" */;
			buildPhases = (
				0DB9E4CC1C1447970026644F /* Sources */,
				0DB9E4CD1C1447970026644F /* Frameworks */,
				0DB9E4CE1C1447970026644F /* Resources */,
			);
			buildRules = (
			);
			dependencies = (
			);
			name = RecommendyRecommenderExample;
			productName = RecommendyRecommenderExample;
			productReference = 0DB9E4D01C1447970026644F /* RecommendyRecommenderExample.app */;
			productType = "com.apple.product-type.application";
		};
		0DB9E4E31C1447970026644F /* RecommendyRecommenderExampleTests */ = {
			isa = PBXNativeTarget;
			buildConfigurationList = 0DB9E4F01C1447970026644F /* Build configuration list for PBXNativeTarget "RecommendyRecommenderExampleTests" */;
			buildPhases = (
				0DB9E4E01C1447970026644F /* Sources */,
				0DB9E4E11C1447970026644F /* Frameworks */,
				0DB9E4E21C1447970026644F /* Resources */,
			);
			buildRules = (
			);
			dependencies = (
				0DB9E4E61C1447970026644F /* PBXTargetDependency */,
			);
			name = RecommendyRecommenderExampleTests;
			productName = RecommendyRecommenderExampleTests;
			productReference = 0DB9E4E41C1447970026644F /* RecommendyRecommenderExampleTests.xctest */;
			productType = "com.apple.product-type.bundle.unit-test";
		};
/* End PBXNativeTarget section */

/* Begin PBXProject section */
		0DB9E4C81C1447970026644F /* Project object */ = {
			isa = PBXProject;
			attributes = {
				LastSwiftUpdateCheck = 0710;
				LastUpgradeCheck = 0710;
				ORGANIZATIONNAME = "Peter Prokop";
				TargetAttributes = {
					0DB9E4CF1C1447970026644F = {
						CreatedOnToolsVersion = 7.1;
					};
					0DB9E4E31C1447970026644F = {
						CreatedOnToolsVersion = 7.1;
						TestTargetID = 0DB9E4CF1C1447970026644F;
					};
				};
			};
			buildConfigurationList = 0DB9E4CB1C1447970026644F /* Build configuration list for PBXProject "RecommendyRecommenderExample" */;
			compatibilityVersion = "Xcode 3.2";
			developmentRegion = English;
			hasScannedForEncodings = 0;
			knownRegions = (
				en,
				Base,
			);
			mainGroup = 0DB9E4C71C1447970026644F;
			productRefGroup = 0DB9E4D11C1447970026644F /* Products */;
			projectDirPath = "";
			projectRoot = "";
			targets = (
				0DB9E4CF1C1447970026644F /* RecommendyRecommenderExample */,
				0DB9E4E31C1447970026644F /* RecommendyRecommenderExampleTests */,
			);
		};
/* End PBXProject section */

/* Begin PBXResourcesBuildPhase section */
		0DB9E4CE1C1447970026644F /* Resources */ = {
			isa = PBXResourcesBuildPhase;
			buildActionMask = 2147483647;
			files = (
				0DB9E4DE1C1447970026644F /* LaunchScreen.storyboard in Resources */,
				0DB9E4DB1C1447970026644F /* Assets.xcassets in Resources */,
				0DB9E4D91C1447970026644F /* Main.storyboard in Resources */,
			);
			runOnlyForDeploymentPostprocessing = 0;
		};
		0DB9E4E21C1447970026644F /* Resources */ = {
			isa = PBXResourcesBuildPhase;
			buildActionMask = 2147483647;
			files = (
			);
			runOnlyForDeploymentPostprocessing = 0;
		};
/* End PBXResourcesBuildPhase section */

/* Begin PBXSourcesBuildPhase section */
		0DB9E4CC1C1447970026644F /* Sources */ = {
			isa = PBXSourcesBuildPhase;
			buildActionMask = 2147483647;
			files = (
				0DB9E4F51C1448530026644F /* CollabFiltering.swift in Sources */,
				0DB9E4D61C1447970026644F /* ViewController.swift in Sources */,
				0DB9E4D41C1447970026644F /* AppDelegate.swift in Sources */,
			);
			runOnlyForDeploymentPostprocessing = 0;
		};
		0DB9E4E01C1447970026644F /* Sources */ = {
			isa = PBXSourcesBuildPhase;
			buildActionMask = 2147483647;
			files = (
				0DB9E4E91C1447970026644F /* RecommendyRecommenderExampleTests.swift in Sources */,
			);
			runOnlyForDeploymentPostprocessing = 0;
		};
/* End PBXSourcesBuildPhase section */

/* Begin PBXTargetDependency section */
		0DB9E4E61C1447970026644F /* PBXTargetDependency */ = {
			isa = PBXTargetDependency;
			target = 0DB9E4CF1C1447970026644F /* RecommendyRecommenderExample */;
			targetProxy = 0DB9E4E51C1447970026644F /* PBXContainerItemProxy */;
		};
/* End PBXTargetDependency section */

/* Begin PBXVariantGroup section */
		0DB9E4D71C1447970026644F /* Main.storyboard */ = {
			isa = PBXVariantGroup;
			children = (
				0DB9E4D81C1447970026644F /* Base */,
			);
			name = Main.storyboard;
			sourceTree = "<group>";
		};
		0DB9E4DC1C1447970026644F /* LaunchScreen.storyboard */ = {
			isa = PBXVariantGroup;
			children = (
				0DB9E4DD1C1447970026644F /* Base */,
			);
			name = LaunchScreen.storyboard;
			sourceTree = "<group>";
		};
/* End PBXVariantGroup section */

/* Begin XCBuildConfiguration section */
		0DB9E4EB1C1447970026644F /* Debug */ = {
			isa = XCBuildConfiguration;
			buildSettings = {
				ALWAYS_SEARCH_USER_PATHS = NO;
				CLANG_CXX_LANGUAGE_STANDARD = "gnu++0x";
				CLANG_CXX_LIBRARY = "libc++";
				CLANG_ENABLE_MODULES = YES;
				CLANG_ENABLE_OBJC_ARC = YES;
				CLANG_WARN_BOOL_CONVERSION = YES;
				CLANG_WARN_CONSTANT_CONVERSION = YES;
				CLANG_WARN_DIRECT_OBJC_ISA_USAGE = YES_ERROR;
				CLANG_WARN_EMPTY_BODY = YES;
				CLANG_WARN_ENUM_CONVERSION = YES;
				CLANG_WARN_INT_CONVERSION = YES;
				CLANG_WARN_OBJC_ROOT_CLASS = YES_ERROR;
				CLANG_WARN_UNREACHABLE_CODE = YES;
				CLANG_WARN__DUPLICATE_METHOD_MATCH = YES;
				"CODE_SIGN_IDENTITY[sdk=iphoneos*]" = "iPhone Developer";
				COPY_PHASE_STRIP = NO;
				DEBUG_INFORMATION_FORMAT = dwarf;
				ENABLE_STRICT_OBJC_MSGSEND = YES;
				ENABLE_TESTABILITY = YES;
				GCC_C_LANGUAGE_STANDARD = gnu99;
				GCC_DYNAMIC_NO_PIC = NO;
				GCC_NO_COMMON_BLOCKS = YES;
				GCC_OPTIMIZATION_LEVEL = 0;
				GCC_PREPROCESSOR_DEFINITIONS = (
					"DEBUG=1",
					"$(inherited)",
				);
				GCC_WARN_64_TO_32_BIT_CONVERSION = YES;
				GCC_WARN_ABOUT_RETURN_TYPE = YES_ERROR;
				GCC_WARN_UNDECLARED_SELECTOR = YES;
				GCC_WARN_UNINITIALIZED_AUTOS = YES_AGGRESSIVE;
				GCC_WARN_UNUSED_FUNCTION = YES;
				GCC_WARN_UNUSED_VARIABLE = YES;
				IPHONEOS_DEPLOYMENT_TARGET = 9.1;
				MTL_ENABLE_DEBUG_INFO = YES;
				ONLY_ACTIVE_ARCH = YES;
				SDKROOT = iphoneos;
				SWIFT_OPTIMIZATION_LEVEL = "-Onone";
			};
			name = Debug;
		};
		0DB9E4EC1C1447970026644F /* Release */ = {
			isa = XCBuildConfiguration;
			buildSettings = {
				ALWAYS_SEARCH_USER_PATHS = NO;
				CLANG_CXX_LANGUAGE_STANDARD = "gnu++0x";
				CLANG_CXX_LIBRARY = "libc++";
				CLANG_ENABLE_MODULES = YES;
				CLANG_ENABLE_OBJC_ARC = YES;
				CLANG_WARN_BOOL_CONVERSION = YES;
				CLANG_WARN_CONSTANT_CONVERSION = YES;
				CLANG_WARN_DIRECT_OBJC_ISA_USAGE = YES_ERROR;
				CLANG_WARN_EMPTY_BODY = YES;
				CLANG_WARN_ENUM_CONVERSION = YES;
				CLANG_WARN_INT_CONVERSION = YES;
				CLANG_WARN_OBJC_ROOT_CLASS = YES_ERROR;
				CLANG_WARN_UNREACHABLE_CODE = YES;
				CLANG_WARN__DUPLICATE_METHOD_MATCH = YES;
				"CODE_SIGN_IDENTITY[sdk=iphoneos*]" = "iPhone Developer";
				COPY_PHASE_STRIP = NO;
				DEBUG_INFORMATION_FORMAT = "dwarf-with-dsym";
				ENABLE_NS_ASSERTIONS = NO;
				ENABLE_STRICT_OBJC_MSGSEND = YES;
				GCC_C_LANGUAGE_STANDARD = gnu99;
				GCC_NO_COMMON_BLOCKS = YES;
				GCC_WARN_64_TO_32_BIT_CONVERSION = YES;
				GCC_WARN_ABOUT_RETURN_TYPE = YES_ERROR;
				GCC_WARN_UNDECLARED_SELECTOR = YES;
				GCC_WARN_UNINITIALIZED_AUTOS = YES_AGGRESSIVE;
				GCC_WARN_UNUSED_FUNCTION = YES;
				GCC_WARN_UNUSED_VARIABLE = YES;
				IPHONEOS_DEPLOYMENT_TARGET = 9.1;
				MTL_ENABLE_DEBUG_INFO = NO;
				SDKROOT = iphoneos;
				VALIDATE_PRODUCT = YES;
			};
			name = Release;
		};
		0DB9E4EE1C1447970026644F /* Debug */ = {
			isa = XCBuildConfiguration;
			buildSettings = {
				ASSETCATALOG_COMPILER_APPICON_NAME = AppIcon;
				INFOPLIST_FILE = RecommendyRecommenderExample/Info.plist;
				LD_RUNPATH_SEARCH_PATHS = "$(inherited) @executable_path/Frameworks";
				PRODUCT_BUNDLE_IDENTIFIER = Prokop.RecommendyRecommenderExample;
				PRODUCT_NAME = "$(TARGET_NAME)";
			};
			name = Debug;
		};
		0DB9E4EF1C1447970026644F /* Release */ = {
			isa = XCBuildConfiguration;
			buildSettings = {
				ASSETCATALOG_COMPILER_APPICON_NAME = AppIcon;
				INFOPLIST_FILE = RecommendyRecommenderExample/Info.plist;
				LD_RUNPATH_SEARCH_PATHS = "$(inherited) @executable_path/Frameworks";
				PRODUCT_BUNDLE_IDENTIFIER = Prokop.RecommendyRecommenderExample;
				PRODUCT_NAME = "$(TARGET_NAME)";
			};
			name = Release;
		};
		0DB9E4F11C1447970026644F /* Debug */ = {
			isa = XCBuildConfiguration;
			buildSettings = {
				BUNDLE_LOADER = "$(TEST_HOST)";
				INFOPLIST_FILE = RecommendyRecommenderExampleTests/Info.plist;
				LD_RUNPATH_SEARCH_PATHS = "$(inherited) @executable_path/Frameworks @loader_path/Frameworks";
				PRODUCT_BUNDLE_IDENTIFIER = Prokop.RecommendyRecommenderExampleTests;
				PRODUCT_NAME = "$(TARGET_NAME)";
				TEST_HOST = "$(BUILT_PRODUCTS_DIR)/RecommendyRecommenderExample.app/RecommendyRecommenderExample";
			};
			name = Debug;
		};
		0DB9E4F21C1447970026644F /* Release */ = {
			isa = XCBuildConfiguration;
			buildSettings = {
				BUNDLE_LOADER = "$(TEST_HOST)";
				INFOPLIST_FILE = RecommendyRecommenderExampleTests/Info.plist;
				LD_RUNPATH_SEARCH_PATHS = "$(inherited) @executable_path/Frameworks @loader_path/Frameworks";
				PRODUCT_BUNDLE_IDENTIFIER = Prokop.RecommendyRecommenderExampleTests;
				PRODUCT_NAME = "$(TARGET_NAME)";
				TEST_HOST = "$(BUILT_PRODUCTS_DIR)/RecommendyRecommenderExample.app/RecommendyRecommenderExample";
			};
			name = Release;
		};
/* End XCBuildConfiguration section */

/* Begin XCConfigurationList section */
		0DB9E4CB1C1447970026644F /* Build configuration list for PBXProject "RecommendyRecommenderExample" */ = {
			isa = XCConfigurationList;
			buildConfigurations = (
				0DB9E4EB1C1447970026644F /* Debug */,
				0DB9E4EC1C1447970026644F /* Release */,
			);
			defaultConfigurationIsVisible = 0;
			defaultConfigurationName = Release;
		};
		0DB9E4ED1C1447970026644F /* Build configuration list for PBXNativeTarget "RecommendyRecommenderExample" */ = {
			isa = XCConfigurationList;
			buildConfigurations = (
				0DB9E4EE1C1447970026644F /* Debug */,
				0DB9E4EF1C1447970026644F /* Release */,
			);
			defaultConfigurationIsVisible = 0;
		};
		0DB9E4F01C1447970026644F /* Build configuration list for PBXNativeTarget "RecommendyRecommenderExampleTests" */ = {
			isa = XCConfigurationList;
			buildConfigurations = (
				0DB9E4F11C1447970026644F /* Debug */,
				0DB9E4F21C1447970026644F /* Release */,
			);
			defaultConfigurationIsVisible = 0;
		};
/* End XCConfigurationList section */
	};
	rootObject = 0DB9E4C81C1447970026644F /* Project object */;
}
